
Microsoft Visual Studio Solution File, Format Version 12.00
# Visual Studio Version 17
VisualStudioVersion = 17.7.34031.279
MinimumVisualStudioVersion = 10.0.40219.1
Project("{FAE04EC0-301F-11D3-BF4B-00C04F79EFBC}") = "Opdracht_2", "Opdracht_2\Opdracht_2.csproj", "{AFE9E145-17E7-47CD-BF20-72449D246731}"
EndProject
Global
	GlobalSection(SolutionConfigurationPlatforms) = preSolution
		Debug|Any CPU = Debug|Any CPU
		Release|Any CPU = Release|Any CPU
	EndGlobalSection
	GlobalSection(ProjectConfigurationPlatforms) = postSolution
		{AFE9E145-17E7-47CD-BF20-72449D246731}.Debug|Any CPU.ActiveCfg = Debug|Any CPU
		{AFE9E145-17E7-47CD-BF20-72449D246731}.Debug|Any CPU.Build.0 = Debug|Any CPU
		{AFE9E145-17E7-47CD-BF20-72449D246731}.Release|Any CPU.ActiveCfg = Release|Any CPU
		{AFE9E145-17E7-47CD-BF20-72449D246731}.Release|Any CPU.Build.0 = Release|Any CPU
	EndGlobalSection
	GlobalSection(SolutionProperties) = preSolution
		HideSolutionNode = FALSE
	EndGlobalSection
	GlobalSection(ExtensibilityGlobals) = postSolution
		SolutionGuid = {81A5BE99-9A37-462E-A2CC-F002327C5740}
	EndGlobalSection
EndGlobal
